{
  "requires": true,
  "lockfileVersion": 1,
  "dependencies": {
    "@scriptable-ios/eslint-config": {
      "version": "1.6.4",
      "resolved": "https://registry.npmjs.org/@scriptable-ios/eslint-config/-/eslint-config-1.6.4.tgz",
      "integrity": "sha512-7cCSZvL/WUyeBNsjVjYrN5Uc+tB17goEm3z2e8TUW3oWVSJ8Z3pUnllwY0HOkHaOQiZyxhuRNDLbQYimOlwh/Q==",
      "dev": true
    },
    "@types/scriptable-ios": {
      "version": "1.6.4",
      "resolved": "https://registry.npmjs.org/@types/scriptable-ios/-/scriptable-ios-1.6.4.tgz",
      "integrity": "sha512-5kNqisqBSxOtTJxRKnSJPZnHspPHgo/IgENcmnMhqs/Mlsms6JxlyhJvDIT6mFzBXpsFryYWGlq8vl6Kh/KVUg=="
    }
  }
}
